
Microsoft Visual Studio Solution File, Format Version 12.00
# Visual Studio Version 17
VisualStudioVersion = 17.2.32616.157
MinimumVisualStudioVersion = 10.0.40219.1
Project("{FAE04EC0-301F-11D3-BF4B-00C04F79EFBC}") = "proyecto_mundial", "proyecto_mundial\proyecto_mundial.csproj", "{AC7EA957-2B78-489A-83F0-481B19DE1018}"
EndProject
Global
	GlobalSection(SolutionConfigurationPlatforms) = preSolution
		Debug|Any CPU = Debug|Any CPU
		Release|Any CPU = Release|Any CPU
	EndGlobalSection
	GlobalSection(ProjectConfigurationPlatforms) = postSolution
		{AC7EA957-2B78-489A-83F0-481B19DE1018}.Debug|Any CPU.ActiveCfg = Debug|Any CPU
		{AC7EA957-2B78-489A-83F0-481B19DE1018}.Debug|Any CPU.Build.0 = Debug|Any CPU
		{AC7EA957-2B78-489A-83F0-481B19DE1018}.Release|Any CPU.ActiveCfg = Release|Any CPU
		{AC7EA957-2B78-489A-83F0-481B19DE1018}.Release|Any CPU.Build.0 = Release|Any CPU
	EndGlobalSection
	GlobalSection(SolutionProperties) = preSolution
		HideSolutionNode = FALSE
	EndGlobalSection
	GlobalSection(ExtensibilityGlobals) = postSolution
		SolutionGuid = {F63DBA3A-2E12-4259-A223-A024EC886C26}
	EndGlobalSection
EndGlobal
